Microsoft Visual Studio Solution File, Format Version 12.00
# Visual Studio 15
VisualStudioVersion = 15.0.28010.2036
MinimumVisualStudioVersion = 10.0.40219.1
Project("{9A19103F-16F7-4668-BE54-9A1E7A4F7556}") = "FFXV.Services", "FFXV.Services\FFXV.Services.csproj", "{1A521D84-D9F0-4947-B974-978FDB7646B5}"
EndProject
Project("{2150E333-8FDC-42A3-9474-1A3956D46DE8}") = "docs", "docs", "{E393DC6B-1902-470D-B69A-7962D59011CC}"
	ProjectSection(SolutionItems) = preProject
		README.md = README.md
	EndProjectSection
EndProject
Project("{9A19103F-16F7-4668-BE54-9A1E7A4F7556}") = "FFXV.Tools.Xmb", "FFXV.Tools.Xmb\FFXV.Tools.Xmb.csproj", "{08C3823F-5821-4238-B58C-397082CAF3BF}"
EndProject
Project("{9A19103F-16F7-4668-BE54-9A1E7A4F7556}") = "FFXV.Services.Tests", "FFXV.Services.Tests\FFXV.Services.Tests.csproj", "{2D337DA1-1253-4FE5-8681-88B237D7EE3B}"
EndProject
Project("{9A19103F-16F7-4668-BE54-9A1E7A4F7556}") = "Black", "Black\Black.csproj", "{EBD8B5C7-DC8C-45C5-AA4C-4916838DF2F1}"
EndProject
Project("{9A19103F-16F7-4668-BE54-9A1E7A4F7556}") = "FFXV.Models", "FFXV.Models\FFXV.Models.csproj", "{C359052B-2871-4C90-BD99-1E090C8EC1D4}"
EndProject
Project("{9A19103F-16F7-4668-BE54-9A1E7A4F7556}") = "SQEX.Ebony", "SQEX.Ebony\SQEX.Ebony.csproj", "{E72B3990-0FC5-4BF8-A5F1-895F1C04707A}"
EndProject
Project("{9A19103F-16F7-4668-BE54-9A1E7A4F7556}") = "FFXV.Utilities", "FFXV.Utilities\FFXV.Utilities.csproj", "{34B51694-7D5C-4237-9442-BD15D3AB5093}"
EndProject
Project("{2150E333-8FDC-42A3-9474-1A3956D46DE8}") = "reverse", "reverse", "{FB9D22DD-2FA2-4394-8EFF-28C124C9E0DE}"
EndProject
Project("{2150E333-8FDC-42A3-9474-1A3956D46DE8}") = "libs", "libs", "{E6C20371-C6E8-4ED6-9950-0D99E4DBA993}"
EndProject
Project("{2150E333-8FDC-42A3-9474-1A3956D46DE8}") = "tools", "tools", "{43073668-46B4-4086-BA3B-0B13D7E1A432}"
EndProject
Project("{9A19103F-16F7-4668-BE54-9A1E7A4F7556}") = "FFXV.Tools.PkgValidator", "FFXV.Tools.PkgValidator\FFXV.Tools.PkgValidator.csproj", "{A921770B-4BBF-4F64-9DBE-6D30D10FF590}"
EndProject
Project("{FAE04EC0-301F-11D3-BF4B-00C04F79EFBC}") = "FFXV.Tools.PkgViewer", "FFXV.Tools.PkgViewer\FFXV.Tools.PkgViewer.csproj", "{B98DF25B-955B-4093-A651-5DCFE4161EF2}"
EndProject
Project("{FAE04EC0-301F-11D3-BF4B-00C04F79EFBC}") = "FFXV.Tools.MsgViewer", "FFXV.Tools.MsgViewer\FFXV.Tools.MsgViewer.csproj", "{C37AF129-3F93-4AB4-8F56-FC117AD48F6A}"
EndProject
Project("{2150E333-8FDC-42A3-9474-1A3956D46DE8}") = "XeEngine.Tools.Public", "XeEngine.Tools.Public", "{F21E4C89-4473-4EBB-9C00-90DF9EFE5158}"
EndProject
Project("{9A19103F-16F7-4668-BE54-9A1E7A4F7556}") = "Xe", "XeEngine.Tools.Public\Xe\Xe.csproj", "{D0DB7F15-1FCB-4BA9-9F1B-D98790227719}"
EndProject
Project("{9A19103F-16F7-4668-BE54-9A1E7A4F7556}") = "Xe.Tools", "XeEngine.Tools.Public\Xe.Tools\Xe.Tools.csproj", "{8D75DF10-B4BC-4DD5-973F-2DCA8B4E195E}"
EndProject
Project("{FAE04EC0-301F-11D3-BF4B-00C04F79EFBC}") = "Xe.Tools.Wpf", "XeEngine.Tools.Public\Xe.Tools.Wpf\Xe.Tools.Wpf.csproj", "{F6E4E1DF-ACC6-4DDE-912F-C6465CB3D393}"
EndProject
Project("{9A19103F-16F7-4668-BE54-9A1E7A4F7556}") = "Xe.Drawing", "XeEngine.Tools.Public\Xe.Drawing\Xe.Drawing.csproj", "{40B888AB-76DA-4E3E-9A4B-7558D9BF02DE}"
EndProject
Global
	GlobalSection(SolutionConfigurationPlatforms) = preSolution
		Debug|Any CPU = Debug|Any CPU
		Release|Any CPU = Release|Any CPU
	EndGlobalSection
	GlobalSection(ProjectConfigurationPlatforms) = postSolution
		{1A521D84-D9F0-4947-B974-978FDB7646B5}.Debug|Any CPU.ActiveCfg = Debug|Any CPU
		{1A521D84-D9F0-4947-B974-978FDB7646B5}.Debug|Any CPU.Build.0 = Debug|Any CPU
		{1A521D84-D9F0-4947-B974-978FDB7646B5}.Release|Any CPU.ActiveCfg = Release|Any CPU
		{1A521D84-D9F0-4947-B974-978FDB7646B5}.Release|Any CPU.Build.0 = Release|Any CPU
		{08C3823F-5821-4238-B58C-397082CAF3BF}.Debug|Any CPU.ActiveCfg = Debug|Any CPU
		{08C3823F-5821-4238-B58C-397082CAF3BF}.Debug|Any CPU.Build.0 = Debug|Any CPU
		{08C3823F-5821-4238-B58C-397082CAF3BF}.Release|Any CPU.ActiveCfg = Release|Any CPU
		{08C3823F-5821-4238-B58C-397082CAF3BF}.Release|Any CPU.Build.0 = Release|Any CPU
		{2D337DA1-1253-4FE5-8681-88B237D7EE3B}.Debug|Any CPU.ActiveCfg = Debug|Any CPU
		{2D337DA1-1253-4FE5-8681-88B237D7EE3B}.Debug|Any CPU.Build.0 = Debug|Any CPU
		{2D337DA1-1253-4FE5-8681-88B237D7EE3B}.Release|Any CPU.ActiveCfg = Release|Any CPU
		{2D337DA1-1253-4FE5-8681-88B237D7EE3B}.Release|Any CPU.Build.0 = Release|Any CPU
		{EBD8B5C7-DC8C-45C5-AA4C-4916838DF2F1}.Debug|Any CPU.ActiveCfg = Debug|Any CPU
		{EBD8B5C7-DC8C-45C5-AA4C-4916838DF2F1}.Debug|Any CPU.Build.0 = Debug|Any CPU
		{EBD8B5C7-DC8C-45C5-AA4C-4916838DF2F1}.Release|Any CPU.ActiveCfg = Release|Any CPU
		{EBD8B5C7-DC8C-45C5-AA4C-4916838DF2F1}.Release|Any CPU.Build.0 = Release|Any CPU
		{C359052B-2871-4C90-BD99-1E090C8EC1D4}.Debug|Any CPU.ActiveCfg = Debug|Any CPU
		{C359052B-2871-4C90-BD99-1E090C8EC1D4}.Debug|Any CPU.Build.0 = Debug|Any CPU
		{C359052B-2871-4C90-BD99-1E090C8EC1D4}.Release|Any CPU.ActiveCfg = Release|Any CPU
		{C359052B-2871-4C90-BD99-1E090C8EC1D4}.Release|Any CPU.Build.0 = Release|Any CPU
		{E72B3990-0FC5-4BF8-A5F1-895F1C04707A}.Debug|Any CPU.ActiveCfg = Debug|Any CPU
		{E72B3990-0FC5-4BF8-A5F1-895F1C04707A}.Debug|Any CPU.Build.0 = Debug|Any CPU
		{E72B3990-0FC5-4BF8-A5F1-895F1C04707A}.Release|Any CPU.ActiveCfg = Release|Any CPU
		{E72B3990-0FC5-4BF8-A5F1-895F1C04707A}.Release|Any CPU.Build.0 = Release|Any CPU
		{34B51694-7D5C-4237-9442-BD15D3AB5093}.Debug|Any CPU.ActiveCfg = Debug|Any CPU
		{34B51694-7D5C-4237-9442-BD15D3AB5093}.Debug|Any CPU.Build.0 = Debug|Any CPU
		{34B51694-7D5C-4237-9442-BD15D3AB5093}.Release|Any CPU.ActiveCfg = Release|Any CPU
		{34B51694-7D5C-4237-9442-BD15D3AB5093}.Release|Any CPU.Build.0 = Release|Any CPU
		{A921770B-4BBF-4F64-9DBE-6D30D10FF590}.Debug|Any CPU.ActiveCfg = Debug|Any CPU
		{A921770B-4BBF-4F64-9DBE-6D30D10FF590}.Debug|Any CPU.Build.0 = Debug|Any CPU
		{A921770B-4BBF-4F64-9DBE-6D30D10FF590}.Release|Any CPU.ActiveCfg = Release|Any CPU
		{A921770B-4BBF-4F64-9DBE-6D30D10FF590}.Release|Any CPU.Build.0 = Release|Any CPU
		{B98DF25B-955B-4093-A651-5DCFE4161EF2}.Debug|Any CPU.ActiveCfg = Debug|Any CPU
		{B98DF25B-955B-4093-A651-5DCFE4161EF2}.Debug|Any CPU.Build.0 = Debug|Any CPU
		{B98DF25B-955B-4093-A651-5DCFE4161EF2}.Release|Any CPU.ActiveCfg = Release|Any CPU
		{B98DF25B-955B-4093-A651-5DCFE4161EF2}.Release|Any CPU.Build.0 = Release|Any CPU
		{2E822E4B-09A8-45A9-B804-23E23BB92796}.Debug|Any CPU.ActiveCfg = Debug|Any CPU
		{2E822E4B-09A8-45A9-B804-23E23BB92796}.Debug|Any CPU.Build.0 = Debug|Any CPU
		{2E822E4B-09A8-45A9-B804-23E23BB92796}.Release|Any CPU.ActiveCfg = Release|Any CPU
		{2E822E4B-09A8-45A9-B804-23E23BB92796}.Release|Any CPU.Build.0 = Release|Any CPU
		{C37AF129-3F93-4AB4-8F56-FC117AD48F6A}.Debug|Any CPU.ActiveCfg = Debug|Any CPU
		{C37AF129-3F93-4AB4-8F56-FC117AD48F6A}.Debug|Any CPU.Build.0 = Debug|Any CPU
		{C37AF129-3F93-4AB4-8F56-FC117AD48F6A}.Release|Any CPU.ActiveCfg = Release|Any CPU
		{C37AF129-3F93-4AB4-8F56-FC117AD48F6A}.Release|Any CPU.Build.0 = Release|Any CPU
		{D0DB7F15-1FCB-4BA9-9F1B-D98790227719}.Debug|Any CPU.ActiveCfg = Debug|Any CPU
		{D0DB7F15-1FCB-4BA9-9F1B-D98790227719}.Debug|Any CPU.Build.0 = Debug|Any CPU
		{D0DB7F15-1FCB-4BA9-9F1B-D98790227719}.Release|Any CPU.ActiveCfg = Release|Any CPU
		{D0DB7F15-1FCB-4BA9-9F1B-D98790227719}.Release|Any CPU.Build.0 = Release|Any CPU
		{8D75DF10-B4BC-4DD5-973F-2DCA8B4E195E}.Debug|Any CPU.ActiveCfg = Debug|Any CPU
		{8D75DF10-B4BC-4DD5-973F-2DCA8B4E195E}.Debug|Any CPU.Build.0 = Debug|Any CPU
		{8D75DF10-B4BC-4DD5-973F-2DCA8B4E195E}.Release|Any CPU.ActiveCfg = Release|Any CPU
		{8D75DF10-B4BC-4DD5-973F-2DCA8B4E195E}.Release|Any CPU.Build.0 = Release|Any CPU
		{F6E4E1DF-ACC6-4DDE-912F-C6465CB3D393}.Debug|Any CPU.ActiveCfg = Debug|Any CPU
		{F6E4E1DF-ACC6-4DDE-912F-C6465CB3D393}.Debug|Any CPU.Build.0 = Debug|Any CPU
		{F6E4E1DF-ACC6-4DDE-912F-C6465CB3D393}.Release|Any CPU.ActiveCfg = Release|Any CPU
		{F6E4E1DF-ACC6-4DDE-912F-C6465CB3D393}.Release|Any CPU.Build.0 = Release|Any CPU
		{40B888AB-76DA-4E3E-9A4B-7558D9BF02DE}.Debug|Any CPU.ActiveCfg = Debug|Any CPU
		{40B888AB-76DA-4E3E-9A4B-7558D9BF02DE}.Debug|Any CPU.Build.0 = Debug|Any CPU
		{40B888AB-76DA-4E3E-9A4B-7558D9BF02DE}.Release|Any CPU.ActiveCfg = Release|Any CPU
		{40B888AB-76DA-4E3E-9A4B-7558D9BF02DE}.Release|Any CPU.Build.0 = Release|Any CPU
	EndGlobalSection
	GlobalSection(SolutionProperties) = preSolution
		HideSolutionNode = FALSE
	EndGlobalSection
	GlobalSection(NestedProjects) = preSolution
		{1A521D84-D9F0-4947-B974-978FDB7646B5} = {E6C20371-C6E8-4ED6-9950-0D99E4DBA993}
		{08C3823F-5821-4238-B58C-397082CAF3BF} = {43073668-46B4-4086-BA3B-0B13D7E1A432}
		{EBD8B5C7-DC8C-45C5-AA4C-4916838DF2F1} = {FB9D22DD-2FA2-4394-8EFF-28C124C9E0DE}
		{C359052B-2871-4C90-BD99-1E090C8EC1D4} = {E6C20371-C6E8-4ED6-9950-0D99E4DBA993}
		{E72B3990-0FC5-4BF8-A5F1-895F1C04707A} = {FB9D22DD-2FA2-4394-8EFF-28C124C9E0DE}
		{34B51694-7D5C-4237-9442-BD15D3AB5093} = {E6C20371-C6E8-4ED6-9950-0D99E4DBA993}
		{A921770B-4BBF-4F64-9DBE-6D30D10FF590} = {43073668-46B4-4086-BA3B-0B13D7E1A432}
		{B98DF25B-955B-4093-A651-5DCFE4161EF2} = {43073668-46B4-4086-BA3B-0B13D7E1A432}
		{2E822E4B-09A8-45A9-B804-23E23BB92796} = {43073668-46B4-4086-BA3B-0B13D7E1A432}
		{C37AF129-3F93-4AB4-8F56-FC117AD48F6A} = {43073668-46B4-4086-BA3B-0B13D7E1A432}
		{D0DB7F15-1FCB-4BA9-9F1B-D98790227719} = {F21E4C89-4473-4EBB-9C00-90DF9EFE5158}
		{8D75DF10-B4BC-4DD5-973F-2DCA8B4E195E} = {F21E4C89-4473-4EBB-9C00-90DF9EFE5158}
		{F6E4E1DF-ACC6-4DDE-912F-C6465CB3D393} = {F21E4C89-4473-4EBB-9C00-90DF9EFE5158}
		{40B888AB-76DA-4E3E-9A4B-7558D9BF02DE} = {F21E4C89-4473-4EBB-9C00-90DF9EFE5158}
	EndGlobalSection
	GlobalSection(ExtensibilityGlobals) = postSolution
		SolutionGuid = {68E6A052-191B-402A-8054-0CE7B95576D6}
	EndGlobalSection
EndGlobal
